{
  "name": "webvh-ts",
  "version": "0.0.17",
  "lockfileVersion": 3,
  "requires": true,
  "packages": {
    "": {
      "name": "webvh-ts",
      "version": "0.0.17",
      "dependencies": {
        "@noble/curves": "^1.6.0",
        "@noble/ed25519": "^2.1.0",
        "bs58": "^6.0.0",
        "elysia": "^0.8.17",
        "json-canonicalize": "^1.0.6",
        "multiformats": "^13.3.1",
        "nanoid": "^5.0.8"
      },
      "bin": {
        "didwebvh": "dist/cli/didwebvh.js"
      },
      "devDependencies": {
        "@types/bun": "^1.1.14",
        "bun-bagel": "^1.1.0",
        "bun-types": "latest"
      },
      "peerDependencies": {
        "typescript": "^5.4.5"
      }
    },
    "node_modules/@noble/curves": {
      "version": "1.6.0",
      "license": "MIT",
      "dependencies": {
        "@noble/hashes": "1.5.0"
      },
      "engines": {
        "node": "^14.21.3 || >=16"
      },
      "funding": {
        "url": "https://paulmillr.com/funding/"
      }
    },
    "node_modules/@noble/ed25519": {
      "version": "2.1.0",
      "license": "MIT",
      "funding": {
        "url": "https://paulmillr.com/funding/"
      }
    },
    "node_modules/@noble/hashes": {
      "version": "1.5.0",
      "license": "MIT",
      "engines": {
        "node": "^14.21.3 || >=16"
      },
      "funding": {
        "url": "https://paulmillr.com/funding/"
      }
    },
    "node_modules/@sinclair/typebox": {
      "version": "0.32.31",
      "license": "MIT"
    },
    "node_modules/@types/bun": {
      "version": "1.1.14",
      "dev": true,
      "license": "MIT",
      "dependencies": {
        "bun-types": "1.1.37"
      }
    },
    "node_modules/@types/bun/node_modules/bun-types": {
      "version": "1.1.37",
      "dev": true,
      "license": "MIT",
      "dependencies": {
        "@types/node": "~20.12.8",
        "@types/ws": "~8.5.10"
      }
    },
    "node_modules/@types/node": {
      "version": "20.12.14",
      "dev": true,
      "license": "MIT",
      "dependencies": {
        "undici-types": "~5.26.4"
      }
    },
    "node_modules/@types/ws": {
      "version": "8.5.12",
      "dev": true,
      "license": "MIT",
      "dependencies": {
        "@types/node": "*"
      }
    },
    "node_modules/@types/ws/node_modules/@types/node": {
      "version": "22.0.2",
      "dev": true,
      "license": "MIT",
      "dependencies": {
        "undici-types": "~6.11.1"
      }
    },
    "node_modules/@types/ws/node_modules/@types/node/node_modules/undici-types": {
      "version": "6.11.1",
      "dev": true,
      "license": "MIT"
    },
    "node_modules/base-x": {
      "version": "5.0.0",
      "license": "MIT"
    },
    "node_modules/bs58": {
      "version": "6.0.0",
      "license": "MIT",
      "dependencies": {
        "base-x": "^5.0.0"
      }
    },
    "node_modules/bun-bagel": {
      "version": "1.1.0",
      "dev": true,
      "license": "MIT",
      "peerDependencies": {
        "typescript": "^5.0.0"
      }
    },
    "node_modules/bun-types": {
      "version": "1.1.43",
      "resolved": "https://registry.npmjs.org/bun-types/-/bun-types-1.1.43.tgz",
      "integrity": "sha512-W0wCtVH+bwFp7p3Zgs03CqxEDmXxEvmmUM/FBKgWIv9T8gyeotvIjIbHzuDScc2DphhRNtr7hJLCR5PspYL5qw==",
      "dev": true,
      "dependencies": {
        "@types/node": "~20.12.8",
        "@types/ws": "~8.5.10"
      }
    },
    "node_modules/cookie": {
      "version": "0.6.0",
      "license": "MIT",
      "engines": {
        "node": ">= 0.6"
      }
    },
    "node_modules/elysia": {
      "version": "0.8.17",
      "license": "MIT",
      "dependencies": {
        "@sinclair/typebox": "^0.32.0",
        "cookie": "^0.6.0",
        "eventemitter3": "^5.0.1",
        "fast-decode-uri-component": "^1.0.1",
        "fast-querystring": "^1.1.2",
        "memoirist": "0.1.10",
        "openapi-types": "^12.1.3"
      },
      "peerDependencies": {
        "@sinclair/typebox": ">= 0.31.0",
        "openapi-types": ">= 12.0.0",
        "typescript": ">= 5.0.0"
      },
      "peerDependenciesMeta": {
        "@sinclair/typebox": {
          "optional": true
        },
        "openapi-types": {
          "optional": true
        },
        "typescript": {
          "optional": true
        }
      }
    },
    "node_modules/eventemitter3": {
      "version": "5.0.1",
      "license": "MIT"
    },
    "node_modules/fast-decode-uri-component": {
      "version": "1.0.1",
      "license": "MIT"
    },
    "node_modules/fast-querystring": {
      "version": "1.1.2",
      "license": "MIT",
      "dependencies": {
        "fast-decode-uri-component": "^1.0.1"
      }
    },
    "node_modules/json-canonicalize": {
      "version": "1.0.6",
      "license": "MIT"
    },
    "node_modules/memoirist": {
      "version": "0.1.10",
      "license": "MIT"
    },
    "node_modules/multiformats": {
      "version": "13.3.1",
      "license": "Apache-2.0 OR MIT"
    },
    "node_modules/nanoid": {
      "version": "5.0.8",
      "funding": [
        {
          "type": "github",
          "url": "https://github.com/sponsors/ai"
        }
      ],
      "license": "MIT",
      "bin": {
        "nanoid": "bin/nanoid.js"
      },
      "engines": {
        "node": "^18 || >=20"
      }
    },
    "node_modules/openapi-types": {
      "version": "12.1.3",
      "license": "MIT"
    },
    "node_modules/typescript": {
      "version": "5.4.5",
      "license": "Apache-2.0",
      "peer": true,
      "bin": {
        "tsc": "bin/tsc",
        "tsserver": "bin/tsserver"
      },
      "engines": {
        "node": ">=14.17"
      }
    },
    "node_modules/undici-types": {
      "version": "5.26.5",
      "dev": true,
      "license": "MIT"
    }
  }
}
